
Microsoft Visual Studio Solution File, Format Version 12.00
Project("{2150E333-8FDC-42A3-9474-1A3956D46DE8}") = "src", "src", "{7BDD5672-A308-4B9F-8D5D-E5689BD7C509}"
EndProject
Project("{2150E333-8FDC-42A3-9474-1A3956D46DE8}") = "proximity", "proximity", "{689C3131-401B-443D-8DEB-EFB7BA4CCAAB}"
EndProject
Project("{FAE04EC0-301F-11D3-BF4B-00C04F79EFBC}") = "Proximity.Api", "src\proximity\Proximity.Api\Proximity.Api.csproj", "{2223D0BA-04B0-4F8F-A709-5902BF31EBA0}"
EndProject
Project("{2150E333-8FDC-42A3-9474-1A3956D46DE8}") = "Solution Items", "Solution Items", "{304FA3E0-D655-4CE0-AC9C-AAC2AA499C52}"
	ProjectSection(SolutionItems) = preProject
		compose.yaml = compose.yaml
	EndProjectSection
EndProject
Project("{2150E333-8FDC-42A3-9474-1A3956D46DE8}") = "shared", "shared", "{02352261-3F74-414A-9E4F-31916CE49ADF}"
EndProject
Project("{FAE04EC0-301F-11D3-BF4B-00C04F79EFBC}") = "Shared.Mongo", "src\shared\Shared.Mongo\Shared.Mongo.csproj", "{1372A907-CA08-47A1-AE56-31CA7B93D0C2}"
EndProject
Project("{FAE04EC0-301F-11D3-BF4B-00C04F79EFBC}") = "Shared.Common", "src\shared\Shared.Common\Shared.Common.csproj", "{8C089C9B-7BA6-4C11-B61B-61E48FD41E5A}"
EndProject
Project("{FAE04EC0-301F-11D3-BF4B-00C04F79EFBC}") = "Shared.Web", "src\shared\Shared.Web\Shared.Web.csproj", "{89985403-2263-4D0F-ADA5-4790A09B3BC3}"
EndProject
Global
	GlobalSection(SolutionConfigurationPlatforms) = preSolution
		Debug|Any CPU = Debug|Any CPU
		Debug|x64 = Debug|x64
		Debug|x86 = Debug|x86
		Release|Any CPU = Release|Any CPU
		Release|x64 = Release|x64
		Release|x86 = Release|x86
	EndGlobalSection
	GlobalSection(ProjectConfigurationPlatforms) = postSolution
		{2223D0BA-04B0-4F8F-A709-5902BF31EBA0}.Debug|Any CPU.ActiveCfg = Debug|Any CPU
		{2223D0BA-04B0-4F8F-A709-5902BF31EBA0}.Debug|Any CPU.Build.0 = Debug|Any CPU
		{2223D0BA-04B0-4F8F-A709-5902BF31EBA0}.Debug|x64.ActiveCfg = Debug|Any CPU
		{2223D0BA-04B0-4F8F-A709-5902BF31EBA0}.Debug|x64.Build.0 = Debug|Any CPU
		{2223D0BA-04B0-4F8F-A709-5902BF31EBA0}.Debug|x86.ActiveCfg = Debug|Any CPU
		{2223D0BA-04B0-4F8F-A709-5902BF31EBA0}.Debug|x86.Build.0 = Debug|Any CPU
		{2223D0BA-04B0-4F8F-A709-5902BF31EBA0}.Release|Any CPU.ActiveCfg = Release|Any CPU
		{2223D0BA-04B0-4F8F-A709-5902BF31EBA0}.Release|Any CPU.Build.0 = Release|Any CPU
		{2223D0BA-04B0-4F8F-A709-5902BF31EBA0}.Release|x64.ActiveCfg = Release|Any CPU
		{2223D0BA-04B0-4F8F-A709-5902BF31EBA0}.Release|x64.Build.0 = Release|Any CPU
		{2223D0BA-04B0-4F8F-A709-5902BF31EBA0}.Release|x86.ActiveCfg = Release|Any CPU
		{2223D0BA-04B0-4F8F-A709-5902BF31EBA0}.Release|x86.Build.0 = Release|Any CPU
		{1372A907-CA08-47A1-AE56-31CA7B93D0C2}.Debug|Any CPU.ActiveCfg = Debug|Any CPU
		{1372A907-CA08-47A1-AE56-31CA7B93D0C2}.Debug|Any CPU.Build.0 = Debug|Any CPU
		{1372A907-CA08-47A1-AE56-31CA7B93D0C2}.Debug|x64.ActiveCfg = Debug|Any CPU
		{1372A907-CA08-47A1-AE56-31CA7B93D0C2}.Debug|x64.Build.0 = Debug|Any CPU
		{1372A907-CA08-47A1-AE56-31CA7B93D0C2}.Debug|x86.ActiveCfg = Debug|Any CPU
		{1372A907-CA08-47A1-AE56-31CA7B93D0C2}.Debug|x86.Build.0 = Debug|Any CPU
		{1372A907-CA08-47A1-AE56-31CA7B93D0C2}.Release|Any CPU.ActiveCfg = Release|Any CPU
		{1372A907-CA08-47A1-AE56-31CA7B93D0C2}.Release|Any CPU.Build.0 = Release|Any CPU
		{1372A907-CA08-47A1-AE56-31CA7B93D0C2}.Release|x64.ActiveCfg = Release|Any CPU
		{1372A907-CA08-47A1-AE56-31CA7B93D0C2}.Release|x64.Build.0 = Release|Any CPU
		{1372A907-CA08-47A1-AE56-31CA7B93D0C2}.Release|x86.ActiveCfg = Release|Any CPU
		{1372A907-CA08-47A1-AE56-31CA7B93D0C2}.Release|x86.Build.0 = Release|Any CPU
		{8C089C9B-7BA6-4C11-B61B-61E48FD41E5A}.Debug|Any CPU.ActiveCfg = Debug|Any CPU
		{8C089C9B-7BA6-4C11-B61B-61E48FD41E5A}.Debug|Any CPU.Build.0 = Debug|Any CPU
		{8C089C9B-7BA6-4C11-B61B-61E48FD41E5A}.Debug|x64.ActiveCfg = Debug|Any CPU
		{8C089C9B-7BA6-4C11-B61B-61E48FD41E5A}.Debug|x64.Build.0 = Debug|Any CPU
		{8C089C9B-7BA6-4C11-B61B-61E48FD41E5A}.Debug|x86.ActiveCfg = Debug|Any CPU
		{8C089C9B-7BA6-4C11-B61B-61E48FD41E5A}.Debug|x86.Build.0 = Debug|Any CPU
		{8C089C9B-7BA6-4C11-B61B-61E48FD41E5A}.Release|Any CPU.ActiveCfg = Release|Any CPU
		{8C089C9B-7BA6-4C11-B61B-61E48FD41E5A}.Release|Any CPU.Build.0 = Release|Any CPU
		{8C089C9B-7BA6-4C11-B61B-61E48FD41E5A}.Release|x64.ActiveCfg = Release|Any CPU
		{8C089C9B-7BA6-4C11-B61B-61E48FD41E5A}.Release|x64.Build.0 = Release|Any CPU
		{8C089C9B-7BA6-4C11-B61B-61E48FD41E5A}.Release|x86.ActiveCfg = Release|Any CPU
		{8C089C9B-7BA6-4C11-B61B-61E48FD41E5A}.Release|x86.Build.0 = Release|Any CPU
		{89985403-2263-4D0F-ADA5-4790A09B3BC3}.Debug|Any CPU.ActiveCfg = Debug|Any CPU
		{89985403-2263-4D0F-ADA5-4790A09B3BC3}.Debug|Any CPU.Build.0 = Debug|Any CPU
		{89985403-2263-4D0F-ADA5-4790A09B3BC3}.Debug|x64.ActiveCfg = Debug|Any CPU
		{89985403-2263-4D0F-ADA5-4790A09B3BC3}.Debug|x64.Build.0 = Debug|Any CPU
		{89985403-2263-4D0F-ADA5-4790A09B3BC3}.Debug|x86.ActiveCfg = Debug|Any CPU
		{89985403-2263-4D0F-ADA5-4790A09B3BC3}.Debug|x86.Build.0 = Debug|Any CPU
		{89985403-2263-4D0F-ADA5-4790A09B3BC3}.Release|Any CPU.ActiveCfg = Release|Any CPU
		{89985403-2263-4D0F-ADA5-4790A09B3BC3}.Release|Any CPU.Build.0 = Release|Any CPU
		{89985403-2263-4D0F-ADA5-4790A09B3BC3}.Release|x64.ActiveCfg = Release|Any CPU
		{89985403-2263-4D0F-ADA5-4790A09B3BC3}.Release|x64.Build.0 = Release|Any CPU
		{89985403-2263-4D0F-ADA5-4790A09B3BC3}.Release|x86.ActiveCfg = Release|Any CPU
		{89985403-2263-4D0F-ADA5-4790A09B3BC3}.Release|x86.Build.0 = Release|Any CPU
	EndGlobalSection
	GlobalSection(SolutionProperties) = preSolution
		HideSolutionNode = FALSE
	EndGlobalSection
	GlobalSection(NestedProjects) = preSolution
		{689C3131-401B-443D-8DEB-EFB7BA4CCAAB} = {7BDD5672-A308-4B9F-8D5D-E5689BD7C509}
		{2223D0BA-04B0-4F8F-A709-5902BF31EBA0} = {689C3131-401B-443D-8DEB-EFB7BA4CCAAB}
		{02352261-3F74-414A-9E4F-31916CE49ADF} = {7BDD5672-A308-4B9F-8D5D-E5689BD7C509}
		{1372A907-CA08-47A1-AE56-31CA7B93D0C2} = {02352261-3F74-414A-9E4F-31916CE49ADF}
		{8C089C9B-7BA6-4C11-B61B-61E48FD41E5A} = {02352261-3F74-414A-9E4F-31916CE49ADF}
		{89985403-2263-4D0F-ADA5-4790A09B3BC3} = {02352261-3F74-414A-9E4F-31916CE49ADF}
	EndGlobalSection
EndGlobal
